
Microsoft Visual Studio Solution File, Format Version 12.00
# Visual Studio Version 17
VisualStudioVersion = 17.3.32922.545
MinimumVisualStudioVersion = 10.0.40219.1
Project("{FAE04EC0-301F-11D3-BF4B-00C04F79EFBC}") = "ImageGalleryChallenge.Android", "ImageGalleryChallenge.Android\ImageGalleryChallenge.Android.csproj", "{5310BC26-B78C-41C6-A843-D8CF626B5CAB}"
EndProject
Project("{FAE04EC0-301F-11D3-BF4B-00C04F79EFBC}") = "ImageGalleryChallenge.iOS", "ImageGalleryChallenge.iOS\ImageGalleryChallenge.iOS.csproj", "{EEAF2833-34C6-4D9C-BC98-B20634AAE3A3}"
EndProject
Project("{9A19103F-16F7-4668-BE54-9A1E7A4F7556}") = "ImageGalleryChallenge", "ImageGalleryChallenge\ImageGalleryChallenge.csproj", "{F0767B03-5B41-42CA-AA1F-8974EBBD47FC}"
EndProject
Project("{FAE04EC0-301F-11D3-BF4B-00C04F79EFBC}") = "ImageGalleryTests", "ImageGalleryTests\ImageGalleryTests.csproj", "{18AB33DD-8497-44CA-8464-58B14FC67920}"
EndProject
Project("{FAE04EC0-301F-11D3-BF4B-00C04F79EFBC}") = "TestHelpers", "TestHelpers\TestHelpers.csproj", "{05339CB0-8AD0-4D8B-9DAD-95D1217859AC}"
EndProject
Global
	GlobalSection(SolutionConfigurationPlatforms) = preSolution
		Debug|Any CPU = Debug|Any CPU
		Debug|iPhone = Debug|iPhone
		Debug|iPhoneSimulator = Debug|iPhoneSimulator
		Release|Any CPU = Release|Any CPU
		Release|iPhone = Release|iPhone
		Release|iPhoneSimulator = Release|iPhoneSimulator
	EndGlobalSection
	GlobalSection(ProjectConfigurationPlatforms) = postSolution
		{5310BC26-B78C-41C6-A843-D8CF626B5CAB}.Debug|Any CPU.ActiveCfg = Debug|Any CPU
		{5310BC26-B78C-41C6-A843-D8CF626B5CAB}.Debug|Any CPU.Build.0 = Debug|Any CPU
		{5310BC26-B78C-41C6-A843-D8CF626B5CAB}.Debug|Any CPU.Deploy.0 = Debug|Any CPU
		{5310BC26-B78C-41C6-A843-D8CF626B5CAB}.Debug|iPhone.ActiveCfg = Debug|Any CPU
		{5310BC26-B78C-41C6-A843-D8CF626B5CAB}.Debug|iPhone.Build.0 = Debug|Any CPU
		{5310BC26-B78C-41C6-A843-D8CF626B5CAB}.Debug|iPhone.Deploy.0 = Debug|Any CPU
		{5310BC26-B78C-41C6-A843-D8CF626B5CAB}.Debug|iPhoneSimulator.ActiveCfg = Debug|Any CPU
		{5310BC26-B78C-41C6-A843-D8CF626B5CAB}.Debug|iPhoneSimulator.Build.0 = Debug|Any CPU
		{5310BC26-B78C-41C6-A843-D8CF626B5CAB}.Debug|iPhoneSimulator.Deploy.0 = Debug|Any CPU
		{5310BC26-B78C-41C6-A843-D8CF626B5CAB}.Release|Any CPU.ActiveCfg = Release|Any CPU
		{5310BC26-B78C-41C6-A843-D8CF626B5CAB}.Release|Any CPU.Build.0 = Release|Any CPU
		{5310BC26-B78C-41C6-A843-D8CF626B5CAB}.Release|Any CPU.Deploy.0 = Release|Any CPU
		{5310BC26-B78C-41C6-A843-D8CF626B5CAB}.Release|iPhone.ActiveCfg = Release|Any CPU
		{5310BC26-B78C-41C6-A843-D8CF626B5CAB}.Release|iPhone.Build.0 = Release|Any CPU
		{5310BC26-B78C-41C6-A843-D8CF626B5CAB}.Release|iPhone.Deploy.0 = Release|Any CPU
		{5310BC26-B78C-41C6-A843-D8CF626B5CAB}.Release|iPhoneSimulator.ActiveCfg = Release|Any CPU
		{5310BC26-B78C-41C6-A843-D8CF626B5CAB}.Release|iPhoneSimulator.Build.0 = Release|Any CPU
		{5310BC26-B78C-41C6-A843-D8CF626B5CAB}.Release|iPhoneSimulator.Deploy.0 = Release|Any CPU
		{EEAF2833-34C6-4D9C-BC98-B20634AAE3A3}.Debug|Any CPU.ActiveCfg = Debug|iPhone
		{EEAF2833-34C6-4D9C-BC98-B20634AAE3A3}.Debug|Any CPU.Build.0 = Debug|iPhone
		{EEAF2833-34C6-4D9C-BC98-B20634AAE3A3}.Debug|Any CPU.Deploy.0 = Debug|iPhone
		{EEAF2833-34C6-4D9C-BC98-B20634AAE3A3}.Debug|iPhone.ActiveCfg = Debug|iPhone
		{EEAF2833-34C6-4D9C-BC98-B20634AAE3A3}.Debug|iPhone.Build.0 = Debug|iPhone
		{EEAF2833-34C6-4D9C-BC98-B20634AAE3A3}.Debug|iPhone.Deploy.0 = Debug|iPhone
		{EEAF2833-34C6-4D9C-BC98-B20634AAE3A3}.Debug|iPhoneSimulator.ActiveCfg = Debug|iPhoneSimulator
		{EEAF2833-34C6-4D9C-BC98-B20634AAE3A3}.Debug|iPhoneSimulator.Build.0 = Debug|iPhoneSimulator
		{EEAF2833-34C6-4D9C-BC98-B20634AAE3A3}.Debug|iPhoneSimulator.Deploy.0 = Debug|iPhoneSimulator
		{EEAF2833-34C6-4D9C-BC98-B20634AAE3A3}.Release|Any CPU.ActiveCfg = Release|iPhoneSimulator
		{EEAF2833-34C6-4D9C-BC98-B20634AAE3A3}.Release|Any CPU.Build.0 = Release|iPhoneSimulator
		{EEAF2833-34C6-4D9C-BC98-B20634AAE3A3}.Release|Any CPU.Deploy.0 = Release|iPhoneSimulator
		{EEAF2833-34C6-4D9C-BC98-B20634AAE3A3}.Release|iPhone.ActiveCfg = Release|iPhone
		{EEAF2833-34C6-4D9C-BC98-B20634AAE3A3}.Release|iPhone.Build.0 = Release|iPhone
		{EEAF2833-34C6-4D9C-BC98-B20634AAE3A3}.Release|iPhone.Deploy.0 = Release|iPhone
		{EEAF2833-34C6-4D9C-BC98-B20634AAE3A3}.Release|iPhoneSimulator.ActiveCfg = Release|iPhoneSimulator
		{EEAF2833-34C6-4D9C-BC98-B20634AAE3A3}.Release|iPhoneSimulator.Build.0 = Release|iPhoneSimulator
		{EEAF2833-34C6-4D9C-BC98-B20634AAE3A3}.Release|iPhoneSimulator.Deploy.0 = Release|iPhoneSimulator
		{F0767B03-5B41-42CA-AA1F-8974EBBD47FC}.Debug|Any CPU.ActiveCfg = Debug|Any CPU
		{F0767B03-5B41-42CA-AA1F-8974EBBD47FC}.Debug|Any CPU.Build.0 = Debug|Any CPU
		{F0767B03-5B41-42CA-AA1F-8974EBBD47FC}.Debug|Any CPU.Deploy.0 = Debug|Any CPU
		{F0767B03-5B41-42CA-AA1F-8974EBBD47FC}.Debug|iPhone.ActiveCfg = Debug|Any CPU
		{F0767B03-5B41-42CA-AA1F-8974EBBD47FC}.Debug|iPhone.Build.0 = Debug|Any CPU
		{F0767B03-5B41-42CA-AA1F-8974EBBD47FC}.Debug|iPhone.Deploy.0 = Debug|Any CPU
		{F0767B03-5B41-42CA-AA1F-8974EBBD47FC}.Debug|iPhoneSimulator.ActiveCfg = Debug|Any CPU
		{F0767B03-5B41-42CA-AA1F-8974EBBD47FC}.Debug|iPhoneSimulator.Build.0 = Debug|Any CPU
		{F0767B03-5B41-42CA-AA1F-8974EBBD47FC}.Debug|iPhoneSimulator.Deploy.0 = Debug|Any CPU
		{F0767B03-5B41-42CA-AA1F-8974EBBD47FC}.Release|Any CPU.ActiveCfg = Release|Any CPU
		{F0767B03-5B41-42CA-AA1F-8974EBBD47FC}.Release|Any CPU.Build.0 = Release|Any CPU
		{F0767B03-5B41-42CA-AA1F-8974EBBD47FC}.Release|Any CPU.Deploy.0 = Release|Any CPU
		{F0767B03-5B41-42CA-AA1F-8974EBBD47FC}.Release|iPhone.ActiveCfg = Release|Any CPU
		{F0767B03-5B41-42CA-AA1F-8974EBBD47FC}.Release|iPhone.Build.0 = Release|Any CPU
		{F0767B03-5B41-42CA-AA1F-8974EBBD47FC}.Release|iPhone.Deploy.0 = Release|Any CPU
		{F0767B03-5B41-42CA-AA1F-8974EBBD47FC}.Release|iPhoneSimulator.ActiveCfg = Release|Any CPU
		{F0767B03-5B41-42CA-AA1F-8974EBBD47FC}.Release|iPhoneSimulator.Build.0 = Release|Any CPU
		{F0767B03-5B41-42CA-AA1F-8974EBBD47FC}.Release|iPhoneSimulator.Deploy.0 = Release|Any CPU
		{18AB33DD-8497-44CA-8464-58B14FC67920}.Debug|Any CPU.ActiveCfg = Debug|Any CPU
		{18AB33DD-8497-44CA-8464-58B14FC67920}.Debug|Any CPU.Build.0 = Debug|Any CPU
		{18AB33DD-8497-44CA-8464-58B14FC67920}.Debug|iPhone.ActiveCfg = Debug|Any CPU
		{18AB33DD-8497-44CA-8464-58B14FC67920}.Debug|iPhone.Build.0 = Debug|Any CPU
		{18AB33DD-8497-44CA-8464-58B14FC67920}.Debug|iPhoneSimulator.ActiveCfg = Debug|Any CPU
		{18AB33DD-8497-44CA-8464-58B14FC67920}.Debug|iPhoneSimulator.Build.0 = Debug|Any CPU
		{18AB33DD-8497-44CA-8464-58B14FC67920}.Release|Any CPU.ActiveCfg = Release|Any CPU
		{18AB33DD-8497-44CA-8464-58B14FC67920}.Release|Any CPU.Build.0 = Release|Any CPU
		{18AB33DD-8497-44CA-8464-58B14FC67920}.Release|iPhone.ActiveCfg = Release|Any CPU
		{18AB33DD-8497-44CA-8464-58B14FC67920}.Release|iPhone.Build.0 = Release|Any CPU
		{18AB33DD-8497-44CA-8464-58B14FC67920}.Release|iPhoneSimulator.ActiveCfg = Release|Any CPU
		{18AB33DD-8497-44CA-8464-58B14FC67920}.Release|iPhoneSimulator.Build.0 = Release|Any CPU
		{05339CB0-8AD0-4D8B-9DAD-95D1217859AC}.Debug|Any CPU.ActiveCfg = Debug|Any CPU
		{05339CB0-8AD0-4D8B-9DAD-95D1217859AC}.Debug|Any CPU.Build.0 = Debug|Any CPU
		{05339CB0-8AD0-4D8B-9DAD-95D1217859AC}.Debug|iPhone.ActiveCfg = Debug|Any CPU
		{05339CB0-8AD0-4D8B-9DAD-95D1217859AC}.Debug|iPhone.Build.0 = Debug|Any CPU
		{05339CB0-8AD0-4D8B-9DAD-95D1217859AC}.Debug|iPhoneSimulator.ActiveCfg = Debug|Any CPU
		{05339CB0-8AD0-4D8B-9DAD-95D1217859AC}.Debug|iPhoneSimulator.Build.0 = Debug|Any CPU
		{05339CB0-8AD0-4D8B-9DAD-95D1217859AC}.Release|Any CPU.ActiveCfg = Release|Any CPU
		{05339CB0-8AD0-4D8B-9DAD-95D1217859AC}.Release|Any CPU.Build.0 = Release|Any CPU
		{05339CB0-8AD0-4D8B-9DAD-95D1217859AC}.Release|iPhone.ActiveCfg = Release|Any CPU
		{05339CB0-8AD0-4D8B-9DAD-95D1217859AC}.Release|iPhone.Build.0 = Release|Any CPU
		{05339CB0-8AD0-4D8B-9DAD-95D1217859AC}.Release|iPhoneSimulator.ActiveCfg = Release|Any CPU
		{05339CB0-8AD0-4D8B-9DAD-95D1217859AC}.Release|iPhoneSimulator.Build.0 = Release|Any CPU
	EndGlobalSection
	GlobalSection(SolutionProperties) = preSolution
		HideSolutionNode = FALSE
	EndGlobalSection
	GlobalSection(ExtensibilityGlobals) = postSolution
		SolutionGuid = {E292B54B-FCF7-475F-80D3-784FFEEEBCCB}
	EndGlobalSection
EndGlobal
